{
  "version": 4,
  "terraform_version": "1.8.3",
  "serial": 294,
  "lineage": "f4430af0-d034-efdf-6a5c-80d3b7998fc3",
  "outputs": {},
  "resources": [
    {
      "module": "module.cloudwatch_alarms",
      "mode": "data",
      "type": "archive_file",
      "name": "create_alarm_zip",
      "provider": "provider[\"registry.terraform.io/hashicorp/archive\"]",
      "instances": [
        {
          "schema_version": 0,
          "attributes": {
            "exclude_symlink_directories": null,
            "excludes": null,
            "id": "57ba78935ae0d085ac602d4eb636911a9ec9993e",
            "output_base64sha256": "8a3NVK9YVNWfCrwzq0iX5+3GkwSxB67LxDzT0sEu8HI=",
            "output_base64sha512": "0hzQhx6cuiHEmwPtV9/0mKKcpDwx6frd3hFgBTCdEdxqqy8WldCp/cLUVVLB6OUGHZKNYrdejlWnqJuqmJIWPw==",
            "output_file_mode": null,
            "output_md5": "1c6e00ebc1b42ad2562b875c1bb57d9a",
            "output_path": "modules/cw-alarms/lambdas/createAlarm.zip",
            "output_sha": "57ba78935ae0d085ac602d4eb636911a9ec9993e",
            "output_sha256": "f1adcd54af5854d59f0abc33ab4897e7edc69304b107aecbc43cd3d2c12ef072",
            "output_sha512": "d21cd0871e9cba21c49b03ed57dff498a29ca43c31e9faddde116005309d11dc6aab2f1695d0a9fdc2d45552c1e8e5061d928d62b75e8e55a7a89baa9892163f",
            "output_size": 2453,
            "source": [],
            "source_content": null,
            "source_content_filename": null,
            "source_dir": "modules/cw-alarms/lambdas",
            "source_file": null,
            "type": "zip"
          },
          "sensitive_attributes": []
        }
      ]
    },
    {
      "module": "module.cloudwatch_alarms",
      "mode": "data",
      "type": "archive_file",
      "name": "delete_alarm_zip",
      "provider": "provider[\"registry.terraform.io/hashicorp/archive\"]",
      "instances": [
        {
          "schema_version": 0,
          "attributes": {
            "exclude_symlink_directories": null,
            "excludes": null,
            "id": "8c6ad42d43b54a62a01d161dffbc9a98f464107b",
            "output_base64sha256": "Vh7jM2EE5tBx6n9HFVMISyazlVzxm127+QpxC5uj99A=",
            "output_base64sha512": "tkSihZoGbruSHtWziVVAat/vj7ArEOnpK4TOPKmqZNees18estPh5j1jsUGjg7kx/Covv2i6ZEGcc/EX9uLKwA==",
            "output_file_mode": null,
            "output_md5": "5cec452f1867dbac1961a6e6a11094fa",
            "output_path": "modules/cw-alarms/lambdas/deleteAlarm.zip",
            "output_sha": "8c6ad42d43b54a62a01d161dffbc9a98f464107b",
            "output_sha256": "561ee3336104e6d071ea7f471553084b26b3955cf19b5dbbf90a710b9ba3f7d0",
            "output_sha512": "b644a2859a066ebb921ed5b38955406adfef8fb02b10e9e92b84ce3ca9aa64d79eb35f1eb2d3e1e63d63b141a383b931fc2a2fbf68ba64419c73f117f6e2cac0",
            "output_size": 1379,
            "source": [],
            "source_content": null,
            "source_content_filename": null,
            "source_dir": "modules/cw-alarms/lambdas",
            "source_file": null,
            "type": "zip"
          },
          "sensitive_attributes": []
        }
      ]
    },
    {
      "module": "module.cloudwatch_alarms",
      "mode": "managed",
      "type": "aws_cloudwatch_metric_alarm",
      "name": "cpu_alarm",
      "provider": "provider[\"registry.terraform.io/hashicorp/aws\"]",
      "instances": [
        {
          "index_key": 0,
          "schema_version": 1,
          "attributes": {
            "actions_enabled": true,
            "alarm_actions": [
              "arn:aws:sns:ap-south-1:471112860991:aws-custom-env"
            ],
            "alarm_description": "Alarm when CPU exceeds threshold",
            "alarm_name": "i-0822c5185067a8085-cpu-alarm",
            "arn": "arn:aws:cloudwatch:ap-south-1:471112860991:alarm:i-0822c5185067a8085-cpu-alarm",
            "comparison_operator": "GreaterThanOrEqualToThreshold",
            "datapoints_to_alarm": 0,
            "dimensions": {
              "InstanceId": "i-0822c5185067a8085"
            },
            "evaluate_low_sample_count_percentiles": "",
            "evaluation_periods": 1,
            "extended_statistic": "",
            "id": "i-0822c5185067a8085-cpu-alarm",
            "insufficient_data_actions": null,
            "metric_name": "CPUUtilization",
            "metric_query": [],
            "namespace": "AWS/EC2",
            "ok_actions": null,
            "period": 60,
            "statistic": "Average",
            "tags": null,
            "tags_all": {},
            "threshold": 80,
            "threshold_metric_id": "",
            "treat_missing_data": "missing",
            "unit": ""
          },
          "sensitive_attributes": [],
          "private": "eyJzY2hlbWFfdmVyc2lvbiI6IjEifQ==",
          "dependencies": [
            "module.ec2.aws_instance.private_instance_1",
            "module.ec2.aws_instance.private_instance_2",
            "module.ec2.aws_instance.public_instance",
            "module.iam.aws_iam_instance_profile.ec2_ssm_profile",
            "module.iam.aws_iam_policy.ec2_ssm_policy",
            "module.iam.aws_iam_role.ec2_ssm_role",
            "module.iam.aws_iam_role_policy_attachment.ssm_attach",
            "module.iam.data.aws_iam_policy_document.ec2_assume_role_policy",
            "module.iam.data.aws_iam_policy_document.ec2_ssm_policy_document",
            "module.vpc.aws_security_group.http_access",
            "module.vpc.aws_security_group.remote_access",
            "module.vpc.aws_subnet.private_subnet_1",
            "module.vpc.aws_subnet.private_subnet_2",
            "module.vpc.aws_subnet.public_subnet",
            "module.vpc.aws_vpc.my_vpc"
          ]
        },
        {
          "index_key": 1,
          "schema_version": 1,
          "attributes": {
            "actions_enabled": true,
            "alarm_actions": [
              "arn:aws:sns:ap-south-1:471112860991:aws-custom-env"
            ],
            "alarm_description": "Alarm when CPU exceeds threshold",
            "alarm_name": "i-08b5f257e7ac77958-cpu-alarm",
            "arn": "arn:aws:cloudwatch:ap-south-1:471112860991:alarm:i-08b5f257e7ac77958-cpu-alarm",
            "comparison_operator": "GreaterThanOrEqualToThreshold",
            "datapoints_to_alarm": 0,
            "dimensions": {
              "InstanceId": "i-08b5f257e7ac77958"
            },
            "evaluate_low_sample_count_percentiles": "",
            "evaluation_periods": 1,
            "extended_statistic": "",
            "id": "i-08b5f257e7ac77958-cpu-alarm",
            "insufficient_data_actions": null,
            "metric_name": "CPUUtilization",
            "metric_query": [],
            "namespace": "AWS/EC2",
            "ok_actions": null,
            "period": 60,
            "statistic": "Average",
            "tags": null,
            "tags_all": {},
            "threshold": 80,
            "threshold_metric_id": "",
            "treat_missing_data": "missing",
            "unit": ""
          },
          "sensitive_attributes": [],
          "private": "eyJzY2hlbWFfdmVyc2lvbiI6IjEifQ==",
          "dependencies": [
            "module.ec2.aws_instance.private_instance_1",
            "module.ec2.aws_instance.private_instance_2",
            "module.ec2.aws_instance.public_instance",
            "module.iam.aws_iam_instance_profile.ec2_ssm_profile",
            "module.iam.aws_iam_policy.ec2_ssm_policy",
            "module.iam.aws_iam_role.ec2_ssm_role",
            "module.iam.aws_iam_role_policy_attachment.ssm_attach",
            "module.iam.data.aws_iam_policy_document.ec2_assume_role_policy",
            "module.iam.data.aws_iam_policy_document.ec2_ssm_policy_document",
            "module.vpc.aws_security_group.http_access",
            "module.vpc.aws_security_group.remote_access",
            "module.vpc.aws_subnet.private_subnet_1",
            "module.vpc.aws_subnet.private_subnet_2",
            "module.vpc.aws_subnet.public_subnet",
            "module.vpc.aws_vpc.my_vpc"
          ]
        },
        {
          "index_key": 2,
          "schema_version": 1,
          "attributes": {
            "actions_enabled": true,
            "alarm_actions": [
              "arn:aws:sns:ap-south-1:471112860991:aws-custom-env"
            ],
            "alarm_description": "Alarm when CPU exceeds threshold",
            "alarm_name": "i-0c1c6d81d21bc5940-cpu-alarm",
            "arn": "arn:aws:cloudwatch:ap-south-1:471112860991:alarm:i-0c1c6d81d21bc5940-cpu-alarm",
            "comparison_operator": "GreaterThanOrEqualToThreshold",
            "datapoints_to_alarm": 0,
            "dimensions": {
              "InstanceId": "i-0c1c6d81d21bc5940"
            },
            "evaluate_low_sample_count_percentiles": "",
            "evaluation_periods": 1,
            "extended_statistic": "",
            "id": "i-0c1c6d81d21bc5940-cpu-alarm",
            "insufficient_data_actions": null,
            "metric_name": "CPUUtilization",
            "metric_query": [],
            "namespace": "AWS/EC2",
            "ok_actions": null,
            "period": 60,
            "statistic": "Average",
            "tags": null,
            "tags_all": {},
            "threshold": 80,
            "threshold_metric_id": "",
            "treat_missing_data": "missing",
            "unit": ""
          },
          "sensitive_attributes": [],
          "private": "eyJzY2hlbWFfdmVyc2lvbiI6IjEifQ==",
          "dependencies": [
            "module.ec2.aws_instance.private_instance_1",
            "module.ec2.aws_instance.private_instance_2",
            "module.ec2.aws_instance.public_instance",
            "module.iam.aws_iam_instance_profile.ec2_ssm_profile",
            "module.iam.aws_iam_policy.ec2_ssm_policy",
            "module.iam.aws_iam_role.ec2_ssm_role",
            "module.iam.aws_iam_role_policy_attachment.ssm_attach",
            "module.iam.data.aws_iam_policy_document.ec2_assume_role_policy",
            "module.iam.data.aws_iam_policy_document.ec2_ssm_policy_document",
            "module.vpc.aws_security_group.http_access",
            "module.vpc.aws_security_group.remote_access",
            "module.vpc.aws_subnet.private_subnet_1",
            "module.vpc.aws_subnet.private_subnet_2",
            "module.vpc.aws_subnet.public_subnet",
            "module.vpc.aws_vpc.my_vpc"
          ]
        }
      ]
    },
    {
      "module": "module.cloudwatch_alarms",
      "mode": "managed",
      "type": "aws_iam_policy",
      "name": "lambda_policy",
      "provider": "provider[\"registry.terraform.io/hashicorp/aws\"]",
      "instances": [
        {
          "schema_version": 0,
          "attributes": {
            "arn": "arn:aws:iam::471112860991:policy/lambda_policy",
            "attachment_count": 0,
            "description": "Allows Lambda functions to access CloudWatch and SNS",
            "id": "arn:aws:iam::471112860991:policy/lambda_policy",
            "name": "lambda_policy",
            "name_prefix": "",
            "path": "/",
            "policy": "{\"Statement\":[{\"Action\":[\"cloudwatch:PutMetricAlarm\",\"cloudwatch:DeleteAlarms\",\"sns:Publish\"],\"Effect\":\"Allow\",\"Resource\":\"*\"}],\"Version\":\"2012-10-17\"}",
            "policy_id": "ANPAW3MEDYU7ZLI2ROFJQ",
            "tags": null,
            "tags_all": {}
          },
          "sensitive_attributes": [],
          "private": "bnVsbA=="
        }
      ]
    },
    {
      "module": "module.cloudwatch_alarms",
      "mode": "managed",
      "type": "aws_iam_role",
      "name": "lambda_exec",
      "provider": "provider[\"registry.terraform.io/hashicorp/aws\"]",
      "instances": [
        {
          "schema_version": 0,
          "attributes": {
            "arn": "arn:aws:iam::471112860991:role/lambda_execution_role",
            "assume_role_policy": "{\"Statement\":[{\"Action\":\"sts:AssumeRole\",\"Effect\":\"Allow\",\"Principal\":{\"Service\":\"lambda.amazonaws.com\"}}],\"Version\":\"2012-10-17\"}",
            "create_date": "2024-05-28T08:26:58Z",
            "description": "",
            "force_detach_policies": false,
            "id": "lambda_execution_role",
            "inline_policy": [],
            "managed_policy_arns": [],
            "max_session_duration": 3600,
            "name": "lambda_execution_role",
            "name_prefix": "",
            "path": "/",
            "permissions_boundary": "",
            "tags": null,
            "tags_all": {},
            "unique_id": "AROAW3MEDYU7U4PT4NC5U"
          },
          "sensitive_attributes": [],
          "private": "bnVsbA=="
        }
      ]
    },
    {
      "module": "module.cloudwatch_alarms",
      "mode": "managed",
      "type": "aws_iam_role_policy_attachment",
      "name": "lambda_exec_policy",
      "provider": "provider[\"registry.terraform.io/hashicorp/aws\"]",
      "instances": [
        {
          "schema_version": 0,
          "attributes": {
            "id": "lambda_execution_role-20240528082659806500000002",
            "policy_arn": "arn:aws:iam::471112860991:policy/lambda_policy",
            "role": "lambda_execution_role"
          },
          "sensitive_attributes": [],
          "private": "bnVsbA==",
          "dependencies": [
            "module.cloudwatch_alarms.aws_iam_policy.lambda_policy",
            "module.cloudwatch_alarms.aws_iam_role.lambda_exec"
          ]
        }
      ]
    },
    {
      "module": "module.cloudwatch_alarms",
      "mode": "managed",
      "type": "aws_lambda_function",
      "name": "create_alarm",
      "provider": "provider[\"registry.terraform.io/hashicorp/aws\"]",
      "instances": [
        {
          "schema_version": 0,
          "attributes": {
            "architectures": [
              "x86_64"
            ],
            "arn": "arn:aws:lambda:ap-south-1:471112860991:function:create_alarm",
            "code_sha256": "8a3NVK9YVNWfCrwzq0iX5+3GkwSxB67LxDzT0sEu8HI=",
            "code_signing_config_arn": "",
            "dead_letter_config": [],
            "description": "",
            "environment": [
              {
                "variables": {
                  "alarm_actions": "[\"arn:aws:sns:ap-south-1:471112860991:aws-custom-env\"]",
                  "cpu_threshold": "80"
                }
              }
            ],
            "ephemeral_storage": [
              {
                "size": 512
              }
            ],
            "file_system_config": [],
            "filename": "modules/cw-alarms/lambdas/createAlarm.zip",
            "function_name": "create_alarm",
            "handler": "createAlarm.lambda_handler",
            "id": "create_alarm",
            "image_config": [],
            "image_uri": "",
            "invoke_arn": "arn:aws:apigateway:ap-south-1:lambda:path/2015-03-31/functions/arn:aws:lambda:ap-south-1:471112860991:function:create_alarm/invocations",
            "kms_key_arn": "",
            "last_modified": "2024-05-28T08:27:07.405+0000",
            "layers": null,
            "logging_config": [
              {
                "application_log_level": "",
                "log_format": "Text",
                "log_group": "/aws/lambda/create_alarm",
                "system_log_level": ""
              }
            ],
            "memory_size": 128,
            "package_type": "Zip",
            "publish": false,
            "qualified_arn": "arn:aws:lambda:ap-south-1:471112860991:function:create_alarm:$LATEST",
            "qualified_invoke_arn": "arn:aws:apigateway:ap-south-1:lambda:path/2015-03-31/functions/arn:aws:lambda:ap-south-1:471112860991:function:create_alarm:$LATEST/invocations",
            "replace_security_groups_on_destroy": null,
            "replacement_security_group_ids": null,
            "reserved_concurrent_executions": -1,
            "role": "arn:aws:iam::471112860991:role/lambda_execution_role",
            "runtime": "python3.10",
            "s3_bucket": null,
            "s3_key": null,
            "s3_object_version": null,
            "signing_job_arn": "",
            "signing_profile_version_arn": "",
            "skip_destroy": false,
            "snap_start": [],
            "source_code_hash": "8a3NVK9YVNWfCrwzq0iX5+3GkwSxB67LxDzT0sEu8HI=",
            "source_code_size": 2453,
            "tags": null,
            "tags_all": {},
            "timeout": 30,
            "timeouts": null,
            "tracing_config": [
              {
                "mode": "PassThrough"
              }
            ],
            "version": "$LATEST",
            "vpc_config": []
          },
          "sensitive_attributes": [],
          "private": "eyJlMmJmYjczMC1lY2FhLTExZTYtOGY4OC0zNDM2M2JjN2M0YzAiOnsiY3JlYXRlIjo2MDAwMDAwMDAwMDAsImRlbGV0ZSI6NjAwMDAwMDAwMDAwLCJ1cGRhdGUiOjYwMDAwMDAwMDAwMH19",
          "dependencies": [
            "module.cloudwatch_alarms.aws_iam_role.lambda_exec",
            "module.cloudwatch_alarms.data.archive_file.create_alarm_zip"
          ]
        }
      ]
    },
    {
      "module": "module.cloudwatch_alarms",
      "mode": "managed",
      "type": "aws_lambda_function",
      "name": "delete_alarm",
      "provider": "provider[\"registry.terraform.io/hashicorp/aws\"]",
      "instances": [
        {
          "schema_version": 0,
          "attributes": {
            "architectures": [
              "x86_64"
            ],
            "arn": "arn:aws:lambda:ap-south-1:471112860991:function:delete_alarm",
            "code_sha256": "Vh7jM2EE5tBx6n9HFVMISyazlVzxm127+QpxC5uj99A=",
            "code_signing_config_arn": "",
            "dead_letter_config": [],
            "description": "",
            "environment": [
              {
                "variables": {
                  "alarm_actions": "[\"arn:aws:sns:ap-south-1:471112860991:aws-custom-env\"]",
                  "cpu_threshold": "80"
                }
              }
            ],
            "ephemeral_storage": [
              {
                "size": 512
              }
            ],
            "file_system_config": [],
            "filename": "modules/cw-alarms/lambdas/deleteAlarm.zip",
            "function_name": "delete_alarm",
            "handler": "deleteAlarm.lambda_handler",
            "id": "delete_alarm",
            "image_config": [],
            "image_uri": "",
            "invoke_arn": "arn:aws:apigateway:ap-south-1:lambda:path/2015-03-31/functions/arn:aws:lambda:ap-south-1:471112860991:function:delete_alarm/invocations",
            "kms_key_arn": "",
            "last_modified": "2024-05-28T08:27:12.741+0000",
            "layers": null,
            "logging_config": [
              {
                "application_log_level": "",
                "log_format": "Text",
                "log_group": "/aws/lambda/delete_alarm",
                "system_log_level": ""
              }
            ],
            "memory_size": 128,
            "package_type": "Zip",
            "publish": false,
            "qualified_arn": "arn:aws:lambda:ap-south-1:471112860991:function:delete_alarm:$LATEST",
            "qualified_invoke_arn": "arn:aws:apigateway:ap-south-1:lambda:path/2015-03-31/functions/arn:aws:lambda:ap-south-1:471112860991:function:delete_alarm:$LATEST/invocations",
            "replace_security_groups_on_destroy": null,
            "replacement_security_group_ids": null,
            "reserved_concurrent_executions": -1,
            "role": "arn:aws:iam::471112860991:role/lambda_execution_role",
            "runtime": "python3.10",
            "s3_bucket": null,
            "s3_key": null,
            "s3_object_version": null,
            "signing_job_arn": "",
            "signing_profile_version_arn": "",
            "skip_destroy": false,
            "snap_start": [],
            "source_code_hash": "Vh7jM2EE5tBx6n9HFVMISyazlVzxm127+QpxC5uj99A=",
            "source_code_size": 1379,
            "tags": null,
            "tags_all": {},
            "timeout": 30,
            "timeouts": null,
            "tracing_config": [
              {
                "mode": "PassThrough"
              }
            ],
            "version": "$LATEST",
            "vpc_config": []
          },
          "sensitive_attributes": [],
          "private": "eyJlMmJmYjczMC1lY2FhLTExZTYtOGY4OC0zNDM2M2JjN2M0YzAiOnsiY3JlYXRlIjo2MDAwMDAwMDAwMDAsImRlbGV0ZSI6NjAwMDAwMDAwMDAwLCJ1cGRhdGUiOjYwMDAwMDAwMDAwMH19",
          "dependencies": [
            "module.cloudwatch_alarms.aws_iam_role.lambda_exec",
            "module.cloudwatch_alarms.data.archive_file.delete_alarm_zip"
          ]
        }
      ]
    },
    {
      "module": "module.ec2",
      "mode": "managed",
      "type": "aws_instance",
      "name": "private_instance_1",
      "provider": "provider[\"registry.terraform.io/hashicorp/aws\"]",
      "instances": [
        {
          "index_key": 0,
          "schema_version": 1,
          "attributes": {
            "ami": "ami-0cc9838aa7ab1dce7",
            "arn": "arn:aws:ec2:ap-south-1:471112860991:instance/i-08b5f257e7ac77958",
            "associate_public_ip_address": false,
            "availability_zone": "ap-south-1a",
            "capacity_reservation_specification": [
              {
                "capacity_reservation_preference": "open",
                "capacity_reservation_target": []
              }
            ],
            "cpu_core_count": 1,
            "cpu_options": [
              {
                "amd_sev_snp": "",
                "core_count": 1,
                "threads_per_core": 1
              }
            ],
            "cpu_threads_per_core": 1,
            "credit_specification": [
              {
                "cpu_credits": "standard"
              }
            ],
            "disable_api_stop": false,
            "disable_api_termination": false,
            "ebs_block_device": [],
            "ebs_optimized": false,
            "enclave_options": [
              {
                "enabled": false
              }
            ],
            "ephemeral_block_device": [],
            "get_password_data": false,
            "hibernation": false,
            "host_id": "",
            "host_resource_group_arn": null,
            "iam_instance_profile": "wp-ec2-ssm-profile",
            "id": "i-08b5f257e7ac77958",
            "instance_initiated_shutdown_behavior": "stop",
            "instance_lifecycle": "",
            "instance_market_options": [],
            "instance_state": "running",
            "instance_type": "t2.micro",
            "ipv6_address_count": 0,
            "ipv6_addresses": [],
            "key_name": "elsonbombay.pem",
            "launch_template": [],
            "maintenance_options": [
              {
                "auto_recovery": "default"
              }
            ],
            "metadata_options": [
              {
                "http_endpoint": "enabled",
                "http_protocol_ipv6": "disabled",
                "http_put_response_hop_limit": 2,
                "http_tokens": "required",
                "instance_metadata_tags": "disabled"
              }
            ],
            "monitoring": false,
            "network_interface": [],
            "outpost_arn": "",
            "password_data": "",
            "placement_group": "",
            "placement_partition_number": 0,
            "primary_network_interface_id": "eni-029ea87c2d523336b",
            "private_dns": "ip-10-0-2-26.ap-south-1.compute.internal",
            "private_dns_name_options": [
              {
                "enable_resource_name_dns_a_record": false,
                "enable_resource_name_dns_aaaa_record": false,
                "hostname_type": "ip-name"
              }
            ],
            "private_ip": "10.0.2.26",
            "public_dns": "",
            "public_ip": "",
            "root_block_device": [
              {
                "delete_on_termination": true,
                "device_name": "/dev/xvda",
                "encrypted": false,
                "iops": 3000,
                "kms_key_id": "",
                "tags": {},
                "tags_all": {},
                "throughput": 125,
                "volume_id": "vol-093b248cb58482b1f",
                "volume_size": 8,
                "volume_type": "gp3"
              }
            ],
            "secondary_private_ips": [],
            "security_groups": [],
            "source_dest_check": true,
            "spot_instance_request_id": "",
            "subnet_id": "subnet-083598702eb17d5e6",
            "tags": {
              "Name": "wp-private-ec2-1-1",
              "Project": "wp"
            },
            "tags_all": {
              "Name": "wp-private-ec2-1-1",
              "Project": "wp"
            },
            "tenancy": "default",
            "timeouts": null,
            "user_data": "78f144e0d94e8cc1e99ce770ce31f9efb97b6edd",
            "user_data_base64": null,
            "user_data_replace_on_change": false,
            "volume_tags": null,
            "vpc_security_group_ids": [
              "sg-09ff1f47c2e026ef8",
              "sg-0e668a2bba29092fa"
            ]
          },
          "sensitive_attributes": [],
          "private": "eyJlMmJmYjczMC1lY2FhLTExZTYtOGY4OC0zNDM2M2JjN2M0YzAiOnsiY3JlYXRlIjo2MDAwMDAwMDAwMDAsImRlbGV0ZSI6MTIwMDAwMDAwMDAwMCwicmVhZCI6OTAwMDAwMDAwMDAwLCJ1cGRhdGUiOjYwMDAwMDAwMDAwMH0sInNjaGVtYV92ZXJzaW9uIjoiMSJ9",
          "dependencies": [
            "module.iam.aws_iam_instance_profile.ec2_ssm_profile",
            "module.iam.aws_iam_policy.ec2_ssm_policy",
            "module.iam.aws_iam_role.ec2_ssm_role",
            "module.iam.aws_iam_role_policy_attachment.ssm_attach",
            "module.iam.data.aws_iam_policy_document.ec2_assume_role_policy",
            "module.iam.data.aws_iam_policy_document.ec2_ssm_policy_document",
            "module.vpc.aws_security_group.http_access",
            "module.vpc.aws_security_group.remote_access",
            "module.vpc.aws_subnet.private_subnet_1",
            "module.vpc.aws_vpc.my_vpc"
          ]
        }
      ]
    },
    {
      "module": "module.ec2",
      "mode": "managed",
      "type": "aws_instance",
      "name": "private_instance_2",
      "provider": "provider[\"registry.terraform.io/hashicorp/aws\"]",
      "instances": [
        {
          "index_key": 0,
          "schema_version": 1,
          "attributes": {
            "ami": "ami-0cc9838aa7ab1dce7",
            "arn": "arn:aws:ec2:ap-south-1:471112860991:instance/i-0c1c6d81d21bc5940",
            "associate_public_ip_address": false,
            "availability_zone": "ap-south-1b",
            "capacity_reservation_specification": [
              {
                "capacity_reservation_preference": "open",
                "capacity_reservation_target": []
              }
            ],
            "cpu_core_count": 1,
            "cpu_options": [
              {
                "amd_sev_snp": "",
                "core_count": 1,
                "threads_per_core": 1
              }
            ],
            "cpu_threads_per_core": 1,
            "credit_specification": [
              {
                "cpu_credits": "standard"
              }
            ],
            "disable_api_stop": false,
            "disable_api_termination": false,
            "ebs_block_device": [],
            "ebs_optimized": false,
            "enclave_options": [
              {
                "enabled": false
              }
            ],
            "ephemeral_block_device": [],
            "get_password_data": false,
            "hibernation": false,
            "host_id": "",
            "host_resource_group_arn": null,
            "iam_instance_profile": "wp-ec2-ssm-profile",
            "id": "i-0c1c6d81d21bc5940",
            "instance_initiated_shutdown_behavior": "stop",
            "instance_lifecycle": "",
            "instance_market_options": [],
            "instance_state": "running",
            "instance_type": "t2.micro",
            "ipv6_address_count": 0,
            "ipv6_addresses": [],
            "key_name": "elsonbombay.pem",
            "launch_template": [],
            "maintenance_options": [
              {
                "auto_recovery": "default"
              }
            ],
            "metadata_options": [
              {
                "http_endpoint": "enabled",
                "http_protocol_ipv6": "disabled",
                "http_put_response_hop_limit": 2,
                "http_tokens": "required",
                "instance_metadata_tags": "disabled"
              }
            ],
            "monitoring": false,
            "network_interface": [],
            "outpost_arn": "",
            "password_data": "",
            "placement_group": "",
            "placement_partition_number": 0,
            "primary_network_interface_id": "eni-07e60b79f9a3163ed",
            "private_dns": "ip-10-0-3-26.ap-south-1.compute.internal",
            "private_dns_name_options": [
              {
                "enable_resource_name_dns_a_record": false,
                "enable_resource_name_dns_aaaa_record": false,
                "hostname_type": "ip-name"
              }
            ],
            "private_ip": "10.0.3.26",
            "public_dns": "",
            "public_ip": "",
            "root_block_device": [
              {
                "delete_on_termination": true,
                "device_name": "/dev/xvda",
                "encrypted": false,
                "iops": 3000,
                "kms_key_id": "",
                "tags": {},
                "tags_all": {},
                "throughput": 125,
                "volume_id": "vol-0ef230833cc63698f",
                "volume_size": 8,
                "volume_type": "gp3"
              }
            ],
            "secondary_private_ips": [],
            "security_groups": [],
            "source_dest_check": true,
            "spot_instance_request_id": "",
            "subnet_id": "subnet-0bf929226daf73d06",
            "tags": {
              "Name": "wp-private-ec2-2-1",
              "Project": "wp"
            },
            "tags_all": {
              "Name": "wp-private-ec2-2-1",
              "Project": "wp"
            },
            "tenancy": "default",
            "timeouts": null,
            "user_data": "78f144e0d94e8cc1e99ce770ce31f9efb97b6edd",
            "user_data_base64": null,
            "user_data_replace_on_change": false,
            "volume_tags": null,
            "vpc_security_group_ids": [
              "sg-09ff1f47c2e026ef8",
              "sg-0e668a2bba29092fa"
            ]
          },
          "sensitive_attributes": [],
          "private": "eyJlMmJmYjczMC1lY2FhLTExZTYtOGY4OC0zNDM2M2JjN2M0YzAiOnsiY3JlYXRlIjo2MDAwMDAwMDAwMDAsImRlbGV0ZSI6MTIwMDAwMDAwMDAwMCwicmVhZCI6OTAwMDAwMDAwMDAwLCJ1cGRhdGUiOjYwMDAwMDAwMDAwMH0sInNjaGVtYV92ZXJzaW9uIjoiMSJ9",
          "dependencies": [
            "module.iam.aws_iam_instance_profile.ec2_ssm_profile",
            "module.iam.aws_iam_policy.ec2_ssm_policy",
            "module.iam.aws_iam_role.ec2_ssm_role",
            "module.iam.aws_iam_role_policy_attachment.ssm_attach",
            "module.iam.data.aws_iam_policy_document.ec2_assume_role_policy",
            "module.iam.data.aws_iam_policy_document.ec2_ssm_policy_document",
            "module.vpc.aws_security_group.http_access",
            "module.vpc.aws_security_group.remote_access",
            "module.vpc.aws_subnet.private_subnet_2",
            "module.vpc.aws_vpc.my_vpc"
          ]
        }
      ]
    },
    {
      "module": "module.ec2",
      "mode": "managed",
      "type": "aws_instance",
      "name": "public_instance",
      "provider": "provider[\"registry.terraform.io/hashicorp/aws\"]",
      "instances": [
        {
          "index_key": 0,
          "schema_version": 1,
          "attributes": {
            "ami": "ami-0cc9838aa7ab1dce7",
            "arn": "arn:aws:ec2:ap-south-1:471112860991:instance/i-0822c5185067a8085",
            "associate_public_ip_address": true,
            "availability_zone": "ap-south-1a",
            "capacity_reservation_specification": [
              {
                "capacity_reservation_preference": "open",
                "capacity_reservation_target": []
              }
            ],
            "cpu_core_count": 1,
            "cpu_options": [
              {
                "amd_sev_snp": "",
                "core_count": 1,
                "threads_per_core": 1
              }
            ],
            "cpu_threads_per_core": 1,
            "credit_specification": [
              {
                "cpu_credits": "standard"
              }
            ],
            "disable_api_stop": false,
            "disable_api_termination": false,
            "ebs_block_device": [],
            "ebs_optimized": false,
            "enclave_options": [
              {
                "enabled": false
              }
            ],
            "ephemeral_block_device": [],
            "get_password_data": false,
            "hibernation": false,
            "host_id": "",
            "host_resource_group_arn": null,
            "iam_instance_profile": "wp-ec2-ssm-profile",
            "id": "i-0822c5185067a8085",
            "instance_initiated_shutdown_behavior": "stop",
            "instance_lifecycle": "",
            "instance_market_options": [],
            "instance_state": "running",
            "instance_type": "t2.micro",
            "ipv6_address_count": 0,
            "ipv6_addresses": [],
            "key_name": "elsonbombay.pem",
            "launch_template": [],
            "maintenance_options": [
              {
                "auto_recovery": "default"
              }
            ],
            "metadata_options": [
              {
                "http_endpoint": "enabled",
                "http_protocol_ipv6": "disabled",
                "http_put_response_hop_limit": 2,
                "http_tokens": "required",
                "instance_metadata_tags": "disabled"
              }
            ],
            "monitoring": false,
            "network_interface": [],
            "outpost_arn": "",
            "password_data": "",
            "placement_group": "",
            "placement_partition_number": 0,
            "primary_network_interface_id": "eni-0965b94f025922af0",
            "private_dns": "ip-10-0-1-60.ap-south-1.compute.internal",
            "private_dns_name_options": [
              {
                "enable_resource_name_dns_a_record": false,
                "enable_resource_name_dns_aaaa_record": false,
                "hostname_type": "ip-name"
              }
            ],
            "private_ip": "10.0.1.60",
            "public_dns": "ec2-13-201-116-205.ap-south-1.compute.amazonaws.com",
            "public_ip": "13.201.116.205",
            "root_block_device": [
              {
                "delete_on_termination": true,
                "device_name": "/dev/xvda",
                "encrypted": false,
                "iops": 3000,
                "kms_key_id": "",
                "tags": {},
                "tags_all": {},
                "throughput": 125,
                "volume_id": "vol-0ae4718d219fc3de8",
                "volume_size": 8,
                "volume_type": "gp3"
              }
            ],
            "secondary_private_ips": [],
            "security_groups": [],
            "source_dest_check": true,
            "spot_instance_request_id": "",
            "subnet_id": "subnet-0de95b578951ca3dc",
            "tags": {
              "Name": "wp-public-ec2-1",
              "Project": "wp"
            },
            "tags_all": {
              "Name": "wp-public-ec2-1",
              "Project": "wp"
            },
            "tenancy": "default",
            "timeouts": null,
            "user_data": "78f144e0d94e8cc1e99ce770ce31f9efb97b6edd",
            "user_data_base64": null,
            "user_data_replace_on_change": false,
            "volume_tags": null,
            "vpc_security_group_ids": [
              "sg-09ff1f47c2e026ef8",
              "sg-0e668a2bba29092fa"
            ]
          },
          "sensitive_attributes": [],
          "private": "eyJlMmJmYjczMC1lY2FhLTExZTYtOGY4OC0zNDM2M2JjN2M0YzAiOnsiY3JlYXRlIjo2MDAwMDAwMDAwMDAsImRlbGV0ZSI6MTIwMDAwMDAwMDAwMCwicmVhZCI6OTAwMDAwMDAwMDAwLCJ1cGRhdGUiOjYwMDAwMDAwMDAwMH0sInNjaGVtYV92ZXJzaW9uIjoiMSJ9",
          "dependencies": [
            "module.iam.aws_iam_instance_profile.ec2_ssm_profile",
            "module.iam.aws_iam_policy.ec2_ssm_policy",
            "module.iam.aws_iam_role.ec2_ssm_role",
            "module.iam.aws_iam_role_policy_attachment.ssm_attach",
            "module.iam.data.aws_iam_policy_document.ec2_assume_role_policy",
            "module.iam.data.aws_iam_policy_document.ec2_ssm_policy_document",
            "module.vpc.aws_security_group.http_access",
            "module.vpc.aws_security_group.remote_access",
            "module.vpc.aws_subnet.public_subnet",
            "module.vpc.aws_vpc.my_vpc"
          ]
        }
      ]
    },
    {
      "module": "module.iam",
      "mode": "data",
      "type": "aws_iam_policy_document",
      "name": "ec2_assume_role_policy",
      "provider": "provider[\"registry.terraform.io/hashicorp/aws\"]",
      "instances": [
        {
          "schema_version": 0,
          "attributes": {
            "id": "2851119427",
            "json": "{\n  \"Version\": \"2012-10-17\",\n  \"Statement\": [\n    {\n      \"Effect\": \"Allow\",\n      \"Action\": \"sts:AssumeRole\",\n      \"Principal\": {\n        \"Service\": \"ec2.amazonaws.com\"\n      }\n    }\n  ]\n}",
            "minified_json": "{\"Version\":\"2012-10-17\",\"Statement\":[{\"Effect\":\"Allow\",\"Action\":\"sts:AssumeRole\",\"Principal\":{\"Service\":\"ec2.amazonaws.com\"}}]}",
            "override_json": null,
            "override_policy_documents": null,
            "policy_id": null,
            "source_json": null,
            "source_policy_documents": null,
            "statement": [
              {
                "actions": [
                  "sts:AssumeRole"
                ],
                "condition": [],
                "effect": "Allow",
                "not_actions": [],
                "not_principals": [],
                "not_resources": [],
                "principals": [
                  {
                    "identifiers": [
                      "ec2.amazonaws.com"
                    ],
                    "type": "Service"
                  }
                ],
                "resources": [],
                "sid": ""
              }
            ],
            "version": "2012-10-17"
          },
          "sensitive_attributes": []
        }
      ]
    },
    {
      "module": "module.iam",
      "mode": "data",
      "type": "aws_iam_policy_document",
      "name": "ec2_ssm_policy_document",
      "provider": "provider[\"registry.terraform.io/hashicorp/aws\"]",
      "instances": [
        {
          "schema_version": 0,
          "attributes": {
            "id": "3976800689",
            "json": "{\n  \"Version\": \"2012-10-17\",\n  \"Statement\": [\n    {\n      \"Effect\": \"Allow\",\n      \"Action\": [\n        \"ssmmessages:OpenDataChannel\",\n        \"ssmmessages:OpenControlChannel\",\n        \"ssmmessages:CreateDataChannel\",\n        \"ssmmessages:CreateControlChannel\",\n        \"ssm:UpdateInstanceInformation\"\n      ],\n      \"Resource\": \"*\"\n    },\n    {\n      \"Effect\": \"Allow\",\n      \"Action\": \"s3:GetEncryptionConfiguration\",\n      \"Resource\": \"*\"\n    }\n  ]\n}",
            "minified_json": "{\"Version\":\"2012-10-17\",\"Statement\":[{\"Effect\":\"Allow\",\"Action\":[\"ssmmessages:OpenDataChannel\",\"ssmmessages:OpenControlChannel\",\"ssmmessages:CreateDataChannel\",\"ssmmessages:CreateControlChannel\",\"ssm:UpdateInstanceInformation\"],\"Resource\":\"*\"},{\"Effect\":\"Allow\",\"Action\":\"s3:GetEncryptionConfiguration\",\"Resource\":\"*\"}]}",
            "override_json": null,
            "override_policy_documents": null,
            "policy_id": null,
            "source_json": null,
            "source_policy_documents": null,
            "statement": [
              {
                "actions": [
                  "ssm:UpdateInstanceInformation",
                  "ssmmessages:CreateControlChannel",
                  "ssmmessages:CreateDataChannel",
                  "ssmmessages:OpenControlChannel",
                  "ssmmessages:OpenDataChannel"
                ],
                "condition": [],
                "effect": "Allow",
                "not_actions": [],
                "not_principals": [],
                "not_resources": [],
                "principals": [],
                "resources": [
                  "*"
                ],
                "sid": ""
              },
              {
                "actions": [
                  "s3:GetEncryptionConfiguration"
                ],
                "condition": [],
                "effect": "Allow",
                "not_actions": [],
                "not_principals": [],
                "not_resources": [],
                "principals": [],
                "resources": [
                  "*"
                ],
                "sid": ""
              }
            ],
            "version": "2012-10-17"
          },
          "sensitive_attributes": []
        }
      ]
    },
    {
      "module": "module.iam",
      "mode": "managed",
      "type": "aws_iam_instance_profile",
      "name": "ec2_ssm_profile",
      "provider": "provider[\"registry.terraform.io/hashicorp/aws\"]",
      "instances": [
        {
          "schema_version": 0,
          "attributes": {
            "arn": "arn:aws:iam::471112860991:instance-profile/wp-ec2-ssm-profile",
            "create_date": "2024-05-28T08:26:59Z",
            "id": "wp-ec2-ssm-profile",
            "name": "wp-ec2-ssm-profile",
            "name_prefix": "",
            "path": "/",
            "role": "wp-ec2-ssm-role",
            "tags": {
              "Project": "wp"
            },
            "tags_all": {
              "Project": "wp"
            },
            "unique_id": "AIPAW3MEDYU77PIVLDSMU"
          },
          "sensitive_attributes": [],
          "private": "bnVsbA==",
          "dependencies": [
            "module.iam.aws_iam_role.ec2_ssm_role",
            "module.iam.data.aws_iam_policy_document.ec2_assume_role_policy"
          ]
        }
      ]
    },
    {
      "module": "module.iam",
      "mode": "managed",
      "type": "aws_iam_policy",
      "name": "ec2_ssm_policy",
      "provider": "provider[\"registry.terraform.io/hashicorp/aws\"]",
      "instances": [
        {
          "schema_version": 0,
          "attributes": {
            "arn": "arn:aws:iam::471112860991:policy/wp-ec2-ssm-policy",
            "attachment_count": 0,
            "description": "Policy to allow EC2 instances to use SSM",
            "id": "arn:aws:iam::471112860991:policy/wp-ec2-ssm-policy",
            "name": "wp-ec2-ssm-policy",
            "name_prefix": "",
            "path": "/",
            "policy": "{\"Statement\":[{\"Action\":[\"ssmmessages:OpenDataChannel\",\"ssmmessages:OpenControlChannel\",\"ssmmessages:CreateDataChannel\",\"ssmmessages:CreateControlChannel\",\"ssm:UpdateInstanceInformation\"],\"Effect\":\"Allow\",\"Resource\":\"*\"},{\"Action\":\"s3:GetEncryptionConfiguration\",\"Effect\":\"Allow\",\"Resource\":\"*\"}],\"Version\":\"2012-10-17\"}",
            "policy_id": "ANPAW3MEDYU74NSDZQF3K",
            "tags": {
              "Project": "wp"
            },
            "tags_all": {
              "Project": "wp"
            }
          },
          "sensitive_attributes": [],
          "private": "bnVsbA==",
          "dependencies": [
            "module.iam.data.aws_iam_policy_document.ec2_ssm_policy_document"
          ]
        }
      ]
    },
    {
      "module": "module.iam",
      "mode": "managed",
      "type": "aws_iam_role",
      "name": "ec2_ssm_role",
      "provider": "provider[\"registry.terraform.io/hashicorp/aws\"]",
      "instances": [
        {
          "schema_version": 0,
          "attributes": {
            "arn": "arn:aws:iam::471112860991:role/wp-ec2-ssm-role",
            "assume_role_policy": "{\"Statement\":[{\"Action\":\"sts:AssumeRole\",\"Effect\":\"Allow\",\"Principal\":{\"Service\":\"ec2.amazonaws.com\"}}],\"Version\":\"2012-10-17\"}",
            "create_date": "2024-05-28T08:26:58Z",
            "description": "",
            "force_detach_policies": false,
            "id": "wp-ec2-ssm-role",
            "inline_policy": [],
            "managed_policy_arns": [],
            "max_session_duration": 3600,
            "name": "wp-ec2-ssm-role",
            "name_prefix": "",
            "path": "/",
            "permissions_boundary": "",
            "tags": {
              "Project": "wp"
            },
            "tags_all": {
              "Project": "wp"
            },
            "unique_id": "AROAW3MEDYU7XJYEYSYRV"
          },
          "sensitive_attributes": [],
          "private": "bnVsbA==",
          "dependencies": [
            "module.iam.data.aws_iam_policy_document.ec2_assume_role_policy"
          ]
        }
      ]
    },
    {
      "module": "module.iam",
      "mode": "managed",
      "type": "aws_iam_role_policy_attachment",
      "name": "ssm_attach",
      "provider": "provider[\"registry.terraform.io/hashicorp/aws\"]",
      "instances": [
        {
          "schema_version": 0,
          "attributes": {
            "id": "wp-ec2-ssm-role-20240528082659770500000001",
            "policy_arn": "arn:aws:iam::471112860991:policy/wp-ec2-ssm-policy",
            "role": "wp-ec2-ssm-role"
          },
          "sensitive_attributes": [],
          "private": "bnVsbA==",
          "dependencies": [
            "module.iam.aws_iam_policy.ec2_ssm_policy",
            "module.iam.aws_iam_role.ec2_ssm_role",
            "module.iam.data.aws_iam_policy_document.ec2_assume_role_policy",
            "module.iam.data.aws_iam_policy_document.ec2_ssm_policy_document"
          ]
        }
      ]
    },
    {
      "module": "module.vpc",
      "mode": "managed",
      "type": "aws_eip",
      "name": "nat_eip",
      "provider": "provider[\"registry.terraform.io/hashicorp/aws\"]",
      "instances": [
        {
          "schema_version": 0,
          "attributes": {
            "address": null,
            "allocation_id": "eipalloc-0f78bd69e513b8112",
            "arn": "arn:aws:ec2:ap-south-1:471112860991:elastic-ip/eipalloc-0f78bd69e513b8112",
            "associate_with_private_ip": null,
            "association_id": "",
            "carrier_ip": "",
            "customer_owned_ip": "",
            "customer_owned_ipv4_pool": "",
            "domain": "vpc",
            "id": "eipalloc-0f78bd69e513b8112",
            "instance": "",
            "network_border_group": "ap-south-1",
            "network_interface": "",
            "private_dns": null,
            "private_ip": "",
            "ptr_record": "",
            "public_dns": "ec2-13-200-128-130.ap-south-1.compute.amazonaws.com",
            "public_ip": "13.200.128.130",
            "public_ipv4_pool": "amazon",
            "tags": null,
            "tags_all": {},
            "timeouts": null,
            "vpc": true
          },
          "sensitive_attributes": [],
          "private": "eyJlMmJmYjczMC1lY2FhLTExZTYtOGY4OC0zNDM2M2JjN2M0YzAiOnsiZGVsZXRlIjoxODAwMDAwMDAwMDAsInJlYWQiOjkwMDAwMDAwMDAwMCwidXBkYXRlIjozMDAwMDAwMDAwMDB9fQ=="
        }
      ]
    },
    {
      "module": "module.vpc",
      "mode": "managed",
      "type": "aws_internet_gateway",
      "name": "my_igw",
      "provider": "provider[\"registry.terraform.io/hashicorp/aws\"]",
      "instances": [
        {
          "schema_version": 0,
          "attributes": {
            "arn": "arn:aws:ec2:ap-south-1:471112860991:internet-gateway/igw-01fde7e45b8f642a4",
            "id": "igw-01fde7e45b8f642a4",
            "owner_id": "471112860991",
            "tags": {
              "Name": "wp-IGW",
              "Project": "wp"
            },
            "tags_all": {
              "Name": "wp-IGW",
              "Project": "wp"
            },
            "timeouts": null,
            "vpc_id": "vpc-003ff02a103763ef3"
          },
          "sensitive_attributes": [],
          "private": "eyJlMmJmYjczMC1lY2FhLTExZTYtOGY4OC0zNDM2M2JjN2M0YzAiOnsiY3JlYXRlIjoxMjAwMDAwMDAwMDAwLCJkZWxldGUiOjEyMDAwMDAwMDAwMDAsInVwZGF0ZSI6MTIwMDAwMDAwMDAwMH19",
          "dependencies": [
            "module.vpc.aws_vpc.my_vpc"
          ]
        }
      ]
    },
    {
      "module": "module.vpc",
      "mode": "managed",
      "type": "aws_nat_gateway",
      "name": "nat_gateway",
      "provider": "provider[\"registry.terraform.io/hashicorp/aws\"]",
      "instances": [
        {
          "schema_version": 0,
          "attributes": {
            "allocation_id": "eipalloc-0f78bd69e513b8112",
            "association_id": "eipassoc-0fb70e4a041b37c3c",
            "connectivity_type": "public",
            "id": "nat-03cfeb97554107b87",
            "network_interface_id": "eni-0e74b5ed763d34411",
            "private_ip": "10.0.1.222",
            "public_ip": "13.200.128.130",
            "secondary_allocation_ids": null,
            "secondary_private_ip_address_count": 0,
            "secondary_private_ip_addresses": [],
            "subnet_id": "subnet-0de95b578951ca3dc",
            "tags": {
              "Name": "wp-NAT-Gateway",
              "Project": "wp"
            },
            "tags_all": {
              "Name": "wp-NAT-Gateway",
              "Project": "wp"
            },
            "timeouts": null
          },
          "sensitive_attributes": [],
          "private": "eyJlMmJmYjczMC1lY2FhLTExZTYtOGY4OC0zNDM2M2JjN2M0YzAiOnsiY3JlYXRlIjo2MDAwMDAwMDAwMDAsImRlbGV0ZSI6MTgwMDAwMDAwMDAwMCwidXBkYXRlIjo2MDAwMDAwMDAwMDB9fQ==",
          "dependencies": [
            "module.vpc.aws_eip.nat_eip",
            "module.vpc.aws_subnet.public_subnet",
            "module.vpc.aws_vpc.my_vpc"
          ]
        }
      ]
    },
    {
      "module": "module.vpc",
      "mode": "managed",
      "type": "aws_route_table",
      "name": "private_route_table",
      "provider": "provider[\"registry.terraform.io/hashicorp/aws\"]",
      "instances": [
        {
          "schema_version": 0,
          "attributes": {
            "arn": "arn:aws:ec2:ap-south-1:471112860991:route-table/rtb-0dab34086e63927bd",
            "id": "rtb-0dab34086e63927bd",
            "owner_id": "471112860991",
            "propagating_vgws": [],
            "route": [
              {
                "carrier_gateway_id": "",
                "cidr_block": "0.0.0.0/0",
                "core_network_arn": "",
                "destination_prefix_list_id": "",
                "egress_only_gateway_id": "",
                "gateway_id": "",
                "ipv6_cidr_block": "",
                "local_gateway_id": "",
                "nat_gateway_id": "nat-03cfeb97554107b87",
                "network_interface_id": "",
                "transit_gateway_id": "",
                "vpc_endpoint_id": "",
                "vpc_peering_connection_id": ""
              }
            ],
            "tags": {
              "Name": "wp-private-route-table",
              "Project": "wp"
            },
            "tags_all": {
              "Name": "wp-private-route-table",
              "Project": "wp"
            },
            "timeouts": null,
            "vpc_id": "vpc-003ff02a103763ef3"
          },
          "sensitive_attributes": [],
          "private": "eyJlMmJmYjczMC1lY2FhLTExZTYtOGY4OC0zNDM2M2JjN2M0YzAiOnsiY3JlYXRlIjozMDAwMDAwMDAwMDAsImRlbGV0ZSI6MzAwMDAwMDAwMDAwLCJ1cGRhdGUiOjEyMDAwMDAwMDAwMH19",
          "dependencies": [
            "module.vpc.aws_eip.nat_eip",
            "module.vpc.aws_nat_gateway.nat_gateway",
            "module.vpc.aws_subnet.public_subnet",
            "module.vpc.aws_vpc.my_vpc"
          ]
        }
      ]
    },
    {
      "module": "module.vpc",
      "mode": "managed",
      "type": "aws_route_table",
      "name": "public_route_table",
      "provider": "provider[\"registry.terraform.io/hashicorp/aws\"]",
      "instances": [
        {
          "schema_version": 0,
          "attributes": {
            "arn": "arn:aws:ec2:ap-south-1:471112860991:route-table/rtb-0a6d6335b5dcbe8d5",
            "id": "rtb-0a6d6335b5dcbe8d5",
            "owner_id": "471112860991",
            "propagating_vgws": [],
            "route": [
              {
                "carrier_gateway_id": "",
                "cidr_block": "0.0.0.0/0",
                "core_network_arn": "",
                "destination_prefix_list_id": "",
                "egress_only_gateway_id": "",
                "gateway_id": "igw-01fde7e45b8f642a4",
                "ipv6_cidr_block": "",
                "local_gateway_id": "",
                "nat_gateway_id": "",
                "network_interface_id": "",
                "transit_gateway_id": "",
                "vpc_endpoint_id": "",
                "vpc_peering_connection_id": ""
              }
            ],
            "tags": {
              "Name": "wp-public-route-table",
              "Project": "wp"
            },
            "tags_all": {
              "Name": "wp-public-route-table",
              "Project": "wp"
            },
            "timeouts": null,
            "vpc_id": "vpc-003ff02a103763ef3"
          },
          "sensitive_attributes": [],
          "private": "eyJlMmJmYjczMC1lY2FhLTExZTYtOGY4OC0zNDM2M2JjN2M0YzAiOnsiY3JlYXRlIjozMDAwMDAwMDAwMDAsImRlbGV0ZSI6MzAwMDAwMDAwMDAwLCJ1cGRhdGUiOjEyMDAwMDAwMDAwMH19",
          "dependencies": [
            "module.vpc.aws_internet_gateway.my_igw",
            "module.vpc.aws_vpc.my_vpc"
          ]
        }
      ]
    },
    {
      "module": "module.vpc",
      "mode": "managed",
      "type": "aws_route_table_association",
      "name": "private_subnet_1_association",
      "provider": "provider[\"registry.terraform.io/hashicorp/aws\"]",
      "instances": [
        {
          "schema_version": 0,
          "attributes": {
            "gateway_id": "",
            "id": "rtbassoc-055cc28afd6d1a902",
            "route_table_id": "rtb-0dab34086e63927bd",
            "subnet_id": "subnet-083598702eb17d5e6",
            "timeouts": null
          },
          "sensitive_attributes": [],
          "private": "eyJlMmJmYjczMC1lY2FhLTExZTYtOGY4OC0zNDM2M2JjN2M0YzAiOnsiY3JlYXRlIjozMDAwMDAwMDAwMDAsImRlbGV0ZSI6MzAwMDAwMDAwMDAwLCJ1cGRhdGUiOjEyMDAwMDAwMDAwMH19",
          "dependencies": [
            "module.vpc.aws_eip.nat_eip",
            "module.vpc.aws_nat_gateway.nat_gateway",
            "module.vpc.aws_route_table.private_route_table",
            "module.vpc.aws_subnet.private_subnet_1",
            "module.vpc.aws_subnet.public_subnet",
            "module.vpc.aws_vpc.my_vpc"
          ]
        }
      ]
    },
    {
      "module": "module.vpc",
      "mode": "managed",
      "type": "aws_route_table_association",
      "name": "private_subnet_2_association",
      "provider": "provider[\"registry.terraform.io/hashicorp/aws\"]",
      "instances": [
        {
          "schema_version": 0,
          "attributes": {
            "gateway_id": "",
            "id": "rtbassoc-0079e4dc1cc34fdd3",
            "route_table_id": "rtb-0dab34086e63927bd",
            "subnet_id": "subnet-0bf929226daf73d06",
            "timeouts": null
          },
          "sensitive_attributes": [],
          "private": "eyJlMmJmYjczMC1lY2FhLTExZTYtOGY4OC0zNDM2M2JjN2M0YzAiOnsiY3JlYXRlIjozMDAwMDAwMDAwMDAsImRlbGV0ZSI6MzAwMDAwMDAwMDAwLCJ1cGRhdGUiOjEyMDAwMDAwMDAwMH19",
          "dependencies": [
            "module.vpc.aws_eip.nat_eip",
            "module.vpc.aws_nat_gateway.nat_gateway",
            "module.vpc.aws_route_table.private_route_table",
            "module.vpc.aws_subnet.private_subnet_2",
            "module.vpc.aws_subnet.public_subnet",
            "module.vpc.aws_vpc.my_vpc"
          ]
        }
      ]
    },
    {
      "module": "module.vpc",
      "mode": "managed",
      "type": "aws_route_table_association",
      "name": "public_subnet_association",
      "provider": "provider[\"registry.terraform.io/hashicorp/aws\"]",
      "instances": [
        {
          "schema_version": 0,
          "attributes": {
            "gateway_id": "",
            "id": "rtbassoc-04cbe32a73fd8d21c",
            "route_table_id": "rtb-0a6d6335b5dcbe8d5",
            "subnet_id": "subnet-0de95b578951ca3dc",
            "timeouts": null
          },
          "sensitive_attributes": [],
          "private": "eyJlMmJmYjczMC1lY2FhLTExZTYtOGY4OC0zNDM2M2JjN2M0YzAiOnsiY3JlYXRlIjozMDAwMDAwMDAwMDAsImRlbGV0ZSI6MzAwMDAwMDAwMDAwLCJ1cGRhdGUiOjEyMDAwMDAwMDAwMH19",
          "dependencies": [
            "module.vpc.aws_internet_gateway.my_igw",
            "module.vpc.aws_route_table.public_route_table",
            "module.vpc.aws_subnet.public_subnet",
            "module.vpc.aws_vpc.my_vpc"
          ]
        }
      ]
    },
    {
      "module": "module.vpc",
      "mode": "managed",
      "type": "aws_security_group",
      "name": "http_access",
      "provider": "provider[\"registry.terraform.io/hashicorp/aws\"]",
      "instances": [
        {
          "schema_version": 1,
          "attributes": {
            "arn": "arn:aws:ec2:ap-south-1:471112860991:security-group/sg-0e668a2bba29092fa",
            "description": "wp-http_access",
            "egress": [
              {
                "cidr_blocks": [
                  "0.0.0.0/0"
                ],
                "description": "",
                "from_port": 0,
                "ipv6_cidr_blocks": [],
                "prefix_list_ids": [],
                "protocol": "-1",
                "security_groups": [],
                "self": false,
                "to_port": 0
              }
            ],
            "id": "sg-0e668a2bba29092fa",
            "ingress": [
              {
                "cidr_blocks": [
                  "0.0.0.0/0"
                ],
                "description": "",
                "from_port": 443,
                "ipv6_cidr_blocks": [],
                "prefix_list_ids": [],
                "protocol": "tcp",
                "security_groups": [],
                "self": false,
                "to_port": 443
              },
              {
                "cidr_blocks": [
                  "0.0.0.0/0"
                ],
                "description": "",
                "from_port": 80,
                "ipv6_cidr_blocks": [],
                "prefix_list_ids": [],
                "protocol": "tcp",
                "security_groups": [],
                "self": false,
                "to_port": 80
              }
            ],
            "name": "wp-http_access",
            "name_prefix": "",
            "owner_id": "471112860991",
            "revoke_rules_on_delete": false,
            "tags": null,
            "tags_all": {},
            "timeouts": null,
            "vpc_id": "vpc-003ff02a103763ef3"
          },
          "sensitive_attributes": [],
          "private": "eyJlMmJmYjczMC1lY2FhLTExZTYtOGY4OC0zNDM2M2JjN2M0YzAiOnsiY3JlYXRlIjo2MDAwMDAwMDAwMDAsImRlbGV0ZSI6OTAwMDAwMDAwMDAwfSwic2NoZW1hX3ZlcnNpb24iOiIxIn0=",
          "dependencies": [
            "module.vpc.aws_vpc.my_vpc"
          ]
        }
      ]
    },
    {
      "module": "module.vpc",
      "mode": "managed",
      "type": "aws_security_group",
      "name": "remote_access",
      "provider": "provider[\"registry.terraform.io/hashicorp/aws\"]",
      "instances": [
        {
          "schema_version": 1,
          "attributes": {
            "arn": "arn:aws:ec2:ap-south-1:471112860991:security-group/sg-09ff1f47c2e026ef8",
            "description": "wp-remote_access",
            "egress": [
              {
                "cidr_blocks": [
                  "0.0.0.0/0"
                ],
                "description": "",
                "from_port": 0,
                "ipv6_cidr_blocks": [],
                "prefix_list_ids": [],
                "protocol": "-1",
                "security_groups": [],
                "self": false,
                "to_port": 0
              }
            ],
            "id": "sg-09ff1f47c2e026ef8",
            "ingress": [
              {
                "cidr_blocks": [
                  "0.0.0.0/0"
                ],
                "description": "",
                "from_port": 22,
                "ipv6_cidr_blocks": [],
                "prefix_list_ids": [],
                "protocol": "tcp",
                "security_groups": [],
                "self": false,
                "to_port": 22
              }
            ],
            "name": "wp-remote_access",
            "name_prefix": "",
            "owner_id": "471112860991",
            "revoke_rules_on_delete": false,
            "tags": null,
            "tags_all": {},
            "timeouts": null,
            "vpc_id": "vpc-003ff02a103763ef3"
          },
          "sensitive_attributes": [],
          "private": "eyJlMmJmYjczMC1lY2FhLTExZTYtOGY4OC0zNDM2M2JjN2M0YzAiOnsiY3JlYXRlIjo2MDAwMDAwMDAwMDAsImRlbGV0ZSI6OTAwMDAwMDAwMDAwfSwic2NoZW1hX3ZlcnNpb24iOiIxIn0=",
          "dependencies": [
            "module.vpc.aws_vpc.my_vpc"
          ]
        }
      ]
    },
    {
      "module": "module.vpc",
      "mode": "managed",
      "type": "aws_subnet",
      "name": "private_subnet_1",
      "provider": "provider[\"registry.terraform.io/hashicorp/aws\"]",
      "instances": [
        {
          "schema_version": 1,
          "attributes": {
            "arn": "arn:aws:ec2:ap-south-1:471112860991:subnet/subnet-083598702eb17d5e6",
            "assign_ipv6_address_on_creation": false,
            "availability_zone": "ap-south-1a",
            "availability_zone_id": "aps1-az1",
            "cidr_block": "10.0.2.0/24",
            "customer_owned_ipv4_pool": "",
            "enable_dns64": false,
            "enable_lni_at_device_index": 0,
            "enable_resource_name_dns_a_record_on_launch": false,
            "enable_resource_name_dns_aaaa_record_on_launch": false,
            "id": "subnet-083598702eb17d5e6",
            "ipv6_cidr_block": "",
            "ipv6_cidr_block_association_id": "",
            "ipv6_native": false,
            "map_customer_owned_ip_on_launch": false,
            "map_public_ip_on_launch": false,
            "outpost_arn": "",
            "owner_id": "471112860991",
            "private_dns_hostname_type_on_launch": "ip-name",
            "tags": {
              "Name": "wp-private-subnet1",
              "Project": "wp"
            },
            "tags_all": {
              "Name": "wp-private-subnet1",
              "Project": "wp"
            },
            "timeouts": null,
            "vpc_id": "vpc-003ff02a103763ef3"
          },
          "sensitive_attributes": [],
          "private": "eyJlMmJmYjczMC1lY2FhLTExZTYtOGY4OC0zNDM2M2JjN2M0YzAiOnsiY3JlYXRlIjo2MDAwMDAwMDAwMDAsImRlbGV0ZSI6MTIwMDAwMDAwMDAwMH0sInNjaGVtYV92ZXJzaW9uIjoiMSJ9",
          "dependencies": [
            "module.vpc.aws_vpc.my_vpc"
          ]
        }
      ]
    },
    {
      "module": "module.vpc",
      "mode": "managed",
      "type": "aws_subnet",
      "name": "private_subnet_2",
      "provider": "provider[\"registry.terraform.io/hashicorp/aws\"]",
      "instances": [
        {
          "schema_version": 1,
          "attributes": {
            "arn": "arn:aws:ec2:ap-south-1:471112860991:subnet/subnet-0bf929226daf73d06",
            "assign_ipv6_address_on_creation": false,
            "availability_zone": "ap-south-1b",
            "availability_zone_id": "aps1-az3",
            "cidr_block": "10.0.3.0/24",
            "customer_owned_ipv4_pool": "",
            "enable_dns64": false,
            "enable_lni_at_device_index": 0,
            "enable_resource_name_dns_a_record_on_launch": false,
            "enable_resource_name_dns_aaaa_record_on_launch": false,
            "id": "subnet-0bf929226daf73d06",
            "ipv6_cidr_block": "",
            "ipv6_cidr_block_association_id": "",
            "ipv6_native": false,
            "map_customer_owned_ip_on_launch": false,
            "map_public_ip_on_launch": false,
            "outpost_arn": "",
            "owner_id": "471112860991",
            "private_dns_hostname_type_on_launch": "ip-name",
            "tags": {
              "Name": "wp-private-subnet2",
              "Project": "wp"
            },
            "tags_all": {
              "Name": "wp-private-subnet2",
              "Project": "wp"
            },
            "timeouts": null,
            "vpc_id": "vpc-003ff02a103763ef3"
          },
          "sensitive_attributes": [],
          "private": "eyJlMmJmYjczMC1lY2FhLTExZTYtOGY4OC0zNDM2M2JjN2M0YzAiOnsiY3JlYXRlIjo2MDAwMDAwMDAwMDAsImRlbGV0ZSI6MTIwMDAwMDAwMDAwMH0sInNjaGVtYV92ZXJzaW9uIjoiMSJ9",
          "dependencies": [
            "module.vpc.aws_vpc.my_vpc"
          ]
        }
      ]
    },
    {
      "module": "module.vpc",
      "mode": "managed",
      "type": "aws_subnet",
      "name": "public_subnet",
      "provider": "provider[\"registry.terraform.io/hashicorp/aws\"]",
      "instances": [
        {
          "schema_version": 1,
          "attributes": {
            "arn": "arn:aws:ec2:ap-south-1:471112860991:subnet/subnet-0de95b578951ca3dc",
            "assign_ipv6_address_on_creation": false,
            "availability_zone": "ap-south-1a",
            "availability_zone_id": "aps1-az1",
            "cidr_block": "10.0.1.0/24",
            "customer_owned_ipv4_pool": "",
            "enable_dns64": false,
            "enable_lni_at_device_index": 0,
            "enable_resource_name_dns_a_record_on_launch": false,
            "enable_resource_name_dns_aaaa_record_on_launch": false,
            "id": "subnet-0de95b578951ca3dc",
            "ipv6_cidr_block": "",
            "ipv6_cidr_block_association_id": "",
            "ipv6_native": false,
            "map_customer_owned_ip_on_launch": false,
            "map_public_ip_on_launch": true,
            "outpost_arn": "",
            "owner_id": "471112860991",
            "private_dns_hostname_type_on_launch": "ip-name",
            "tags": {
              "Name": "wp-public-subnet",
              "Project": "wp"
            },
            "tags_all": {
              "Name": "wp-public-subnet",
              "Project": "wp"
            },
            "timeouts": null,
            "vpc_id": "vpc-003ff02a103763ef3"
          },
          "sensitive_attributes": [],
          "private": "eyJlMmJmYjczMC1lY2FhLTExZTYtOGY4OC0zNDM2M2JjN2M0YzAiOnsiY3JlYXRlIjo2MDAwMDAwMDAwMDAsImRlbGV0ZSI6MTIwMDAwMDAwMDAwMH0sInNjaGVtYV92ZXJzaW9uIjoiMSJ9",
          "dependencies": [
            "module.vpc.aws_vpc.my_vpc"
          ]
        }
      ]
    },
    {
      "module": "module.vpc",
      "mode": "managed",
      "type": "aws_vpc",
      "name": "my_vpc",
      "provider": "provider[\"registry.terraform.io/hashicorp/aws\"]",
      "instances": [
        {
          "schema_version": 1,
          "attributes": {
            "arn": "arn:aws:ec2:ap-south-1:471112860991:vpc/vpc-003ff02a103763ef3",
            "assign_generated_ipv6_cidr_block": false,
            "cidr_block": "10.0.0.0/16",
            "default_network_acl_id": "acl-01885873c9dbfa9b9",
            "default_route_table_id": "rtb-0f66564be9801515d",
            "default_security_group_id": "sg-0ca691ad3ef04a759",
            "dhcp_options_id": "dopt-053df7b61b48a3f94",
            "enable_dns_hostnames": true,
            "enable_dns_support": true,
            "enable_network_address_usage_metrics": false,
            "id": "vpc-003ff02a103763ef3",
            "instance_tenancy": "default",
            "ipv4_ipam_pool_id": null,
            "ipv4_netmask_length": null,
            "ipv6_association_id": "",
            "ipv6_cidr_block": "",
            "ipv6_cidr_block_network_border_group": "",
            "ipv6_ipam_pool_id": "",
            "ipv6_netmask_length": 0,
            "main_route_table_id": "rtb-0f66564be9801515d",
            "owner_id": "471112860991",
            "tags": {
              "Name": "wp-VPC",
              "Project": "wp"
            },
            "tags_all": {
              "Name": "wp-VPC",
              "Project": "wp"
            }
          },
          "sensitive_attributes": [],
          "private": "eyJzY2hlbWFfdmVyc2lvbiI6IjEifQ=="
        }
      ]
    }
  ],
  "check_results": null
}
